
Microsoft Visual Studio Solution File, Format Version 12.00
# Visual Studio 15
VisualStudioVersion = 15.0.28010.2026
MinimumVisualStudioVersion = 10.0.40219.1
Project("{9A19103F-16F7-4668-BE54-9A1E7A4F7556}") = "Materal.WebStock", "Materal.WebStock\Materal.WebStock.csproj", "{2FBD7729-0340-4D5A-B68D-5C964E8044DC}"
EndProject
Project("{2150E333-8FDC-42A3-9474-1A3956D46DE8}") = "Demo", "Demo", "{41283349-D368-4C7C-81C3-0B75426F3B69}"
EndProject
Project("{9A19103F-16F7-4668-BE54-9A1E7A4F7556}") = "TestClient.UI", "TestClient.UI\TestClient.UI.csproj", "{D7D3AEC4-290E-43D9-AFB4-BDE4E116B942}"
EndProject
Project("{9A19103F-16F7-4668-BE54-9A1E7A4F7556}") = "TestClient.WebStockClient", "TestClient.WebStockClient\TestClient.WebStockClient.csproj", "{6214B6DB-3FD0-4EAE-8416-3DED225D89CC}"
EndProject
Project("{9A19103F-16F7-4668-BE54-9A1E7A4F7556}") = "TestClient.Events", "TestClient.Events\TestClient.Events.csproj", "{ECBB0B13-16AE-41B3-9568-5D59359F67A6}"
EndProject
Project("{9A19103F-16F7-4668-BE54-9A1E7A4F7556}") = "TestClient.EventHandlers", "TestClient.EventHandlers\TestClient.EventHandlers.csproj", "{EFD44FD0-9448-484C-B3BE-A3189CF679C3}"
EndProject
Project("{9A19103F-16F7-4668-BE54-9A1E7A4F7556}") = "TestClient.Common", "TestClient.Common\TestClient.Common.csproj", "{815CC3B8-CBC3-4C1D-BE9F-860441B201C5}"
EndProject
Project("{9A19103F-16F7-4668-BE54-9A1E7A4F7556}") = "TestClient.Commands", "TestClient.Commands\TestClient.Commands.csproj", "{A3F29F9C-0519-47AA-976E-7F122B59DCCA}"
EndProject
Project("{9A19103F-16F7-4668-BE54-9A1E7A4F7556}") = "TestClient.CommandHandlers", "TestClient.CommandHandlers\TestClient.CommandHandlers.csproj", "{5218D6B3-7F1F-4686-80C3-830E30F307FE}"
EndProject
Global
	GlobalSection(SolutionConfigurationPlatforms) = preSolution
		Debug|Any CPU = Debug|Any CPU
		Release|Any CPU = Release|Any CPU
	EndGlobalSection
	GlobalSection(ProjectConfigurationPlatforms) = postSolution
		{2FBD7729-0340-4D5A-B68D-5C964E8044DC}.Debug|Any CPU.ActiveCfg = Debug|Any CPU
		{2FBD7729-0340-4D5A-B68D-5C964E8044DC}.Debug|Any CPU.Build.0 = Debug|Any CPU
		{2FBD7729-0340-4D5A-B68D-5C964E8044DC}.Release|Any CPU.ActiveCfg = Release|Any CPU
		{2FBD7729-0340-4D5A-B68D-5C964E8044DC}.Release|Any CPU.Build.0 = Release|Any CPU
		{D7D3AEC4-290E-43D9-AFB4-BDE4E116B942}.Debug|Any CPU.ActiveCfg = Debug|Any CPU
		{D7D3AEC4-290E-43D9-AFB4-BDE4E116B942}.Debug|Any CPU.Build.0 = Debug|Any CPU
		{D7D3AEC4-290E-43D9-AFB4-BDE4E116B942}.Release|Any CPU.ActiveCfg = Release|Any CPU
		{D7D3AEC4-290E-43D9-AFB4-BDE4E116B942}.Release|Any CPU.Build.0 = Release|Any CPU
		{6214B6DB-3FD0-4EAE-8416-3DED225D89CC}.Debug|Any CPU.ActiveCfg = Debug|Any CPU
		{6214B6DB-3FD0-4EAE-8416-3DED225D89CC}.Debug|Any CPU.Build.0 = Debug|Any CPU
		{6214B6DB-3FD0-4EAE-8416-3DED225D89CC}.Release|Any CPU.ActiveCfg = Release|Any CPU
		{6214B6DB-3FD0-4EAE-8416-3DED225D89CC}.Release|Any CPU.Build.0 = Release|Any CPU
		{ECBB0B13-16AE-41B3-9568-5D59359F67A6}.Debug|Any CPU.ActiveCfg = Debug|Any CPU
		{ECBB0B13-16AE-41B3-9568-5D59359F67A6}.Debug|Any CPU.Build.0 = Debug|Any CPU
		{ECBB0B13-16AE-41B3-9568-5D59359F67A6}.Release|Any CPU.ActiveCfg = Release|Any CPU
		{ECBB0B13-16AE-41B3-9568-5D59359F67A6}.Release|Any CPU.Build.0 = Release|Any CPU
		{EFD44FD0-9448-484C-B3BE-A3189CF679C3}.Debug|Any CPU.ActiveCfg = Debug|Any CPU
		{EFD44FD0-9448-484C-B3BE-A3189CF679C3}.Debug|Any CPU.Build.0 = Debug|Any CPU
		{EFD44FD0-9448-484C-B3BE-A3189CF679C3}.Release|Any CPU.ActiveCfg = Release|Any CPU
		{EFD44FD0-9448-484C-B3BE-A3189CF679C3}.Release|Any CPU.Build.0 = Release|Any CPU
		{815CC3B8-CBC3-4C1D-BE9F-860441B201C5}.Debug|Any CPU.ActiveCfg = Debug|Any CPU
		{815CC3B8-CBC3-4C1D-BE9F-860441B201C5}.Debug|Any CPU.Build.0 = Debug|Any CPU
		{815CC3B8-CBC3-4C1D-BE9F-860441B201C5}.Release|Any CPU.ActiveCfg = Release|Any CPU
		{815CC3B8-CBC3-4C1D-BE9F-860441B201C5}.Release|Any CPU.Build.0 = Release|Any CPU
		{A3F29F9C-0519-47AA-976E-7F122B59DCCA}.Debug|Any CPU.ActiveCfg = Debug|Any CPU
		{A3F29F9C-0519-47AA-976E-7F122B59DCCA}.Debug|Any CPU.Build.0 = Debug|Any CPU
		{A3F29F9C-0519-47AA-976E-7F122B59DCCA}.Release|Any CPU.ActiveCfg = Release|Any CPU
		{A3F29F9C-0519-47AA-976E-7F122B59DCCA}.Release|Any CPU.Build.0 = Release|Any CPU
		{5218D6B3-7F1F-4686-80C3-830E30F307FE}.Debug|Any CPU.ActiveCfg = Debug|Any CPU
		{5218D6B3-7F1F-4686-80C3-830E30F307FE}.Debug|Any CPU.Build.0 = Debug|Any CPU
		{5218D6B3-7F1F-4686-80C3-830E30F307FE}.Release|Any CPU.ActiveCfg = Release|Any CPU
		{5218D6B3-7F1F-4686-80C3-830E30F307FE}.Release|Any CPU.Build.0 = Release|Any CPU
	EndGlobalSection
	GlobalSection(SolutionProperties) = preSolution
		HideSolutionNode = FALSE
	EndGlobalSection
	GlobalSection(NestedProjects) = preSolution
		{D7D3AEC4-290E-43D9-AFB4-BDE4E116B942} = {41283349-D368-4C7C-81C3-0B75426F3B69}
		{6214B6DB-3FD0-4EAE-8416-3DED225D89CC} = {41283349-D368-4C7C-81C3-0B75426F3B69}
		{ECBB0B13-16AE-41B3-9568-5D59359F67A6} = {41283349-D368-4C7C-81C3-0B75426F3B69}
		{EFD44FD0-9448-484C-B3BE-A3189CF679C3} = {41283349-D368-4C7C-81C3-0B75426F3B69}
		{815CC3B8-CBC3-4C1D-BE9F-860441B201C5} = {41283349-D368-4C7C-81C3-0B75426F3B69}
		{A3F29F9C-0519-47AA-976E-7F122B59DCCA} = {41283349-D368-4C7C-81C3-0B75426F3B69}
		{5218D6B3-7F1F-4686-80C3-830E30F307FE} = {41283349-D368-4C7C-81C3-0B75426F3B69}
	EndGlobalSection
	GlobalSection(ExtensibilityGlobals) = postSolution
		SolutionGuid = {B5D61CC5-45AF-4B54-8216-213FFF4DCFF8}
	EndGlobalSection
EndGlobal
